
Microsoft Visual Studio Solution File, Format Version 12.00
# Visual Studio Version 17
VisualStudioVersion = 17.5.002.0
MinimumVisualStudioVersion = 10.0.40219.1
Project("{9A19103F-16F7-4668-BE54-9A1E7A4F7556}") = "Analisis", "Analisis\Analisis.csproj", "{95D020DA-835C-43EE-9162-079E76943F42}"
EndProject
Project("{9A19103F-16F7-4668-BE54-9A1E7A4F7556}") = "Operaciones", "Operaciones\Operaciones.csproj", "{BC7939A8-8CB0-4E3D-BCB3-FD80213DA7D4}"
EndProject
Global
	GlobalSection(SolutionConfigurationPlatforms) = preSolution
		Debug|Any CPU = Debug|Any CPU
		Release|Any CPU = Release|Any CPU
	EndGlobalSection
	GlobalSection(ProjectConfigurationPlatforms) = postSolution
		{95D020DA-835C-43EE-9162-079E76943F42}.Debug|Any CPU.ActiveCfg = Debug|Any CPU
		{95D020DA-835C-43EE-9162-079E76943F42}.Debug|Any CPU.Build.0 = Debug|Any CPU
		{95D020DA-835C-43EE-9162-079E76943F42}.Release|Any CPU.ActiveCfg = Release|Any CPU
		{95D020DA-835C-43EE-9162-079E76943F42}.Release|Any CPU.Build.0 = Release|Any CPU
		{BC7939A8-8CB0-4E3D-BCB3-FD80213DA7D4}.Debug|Any CPU.ActiveCfg = Debug|Any CPU
		{BC7939A8-8CB0-4E3D-BCB3-FD80213DA7D4}.Debug|Any CPU.Build.0 = Debug|Any CPU
		{BC7939A8-8CB0-4E3D-BCB3-FD80213DA7D4}.Release|Any CPU.ActiveCfg = Release|Any CPU
		{BC7939A8-8CB0-4E3D-BCB3-FD80213DA7D4}.Release|Any CPU.Build.0 = Release|Any CPU
	EndGlobalSection
	GlobalSection(SolutionProperties) = preSolution
		HideSolutionNode = FALSE
	EndGlobalSection
	GlobalSection(ExtensibilityGlobals) = postSolution
		SolutionGuid = {2586D449-75A4-4097-878D-39F288E6C222}
	EndGlobalSection
EndGlobal
